// !$*UTF8*$!
{
	archiveVersion = 1;
	classes = {
	};
	objectVersion = 46;
	objects = {

/* Begin PBXBuildFile section */
		6A8BE8AE1AC1F10600616CAD /* THDReminder.m in Sources */ = {isa = PBXBuildFile; fileRef = 6A8BE8AD1AC1F10600616CAD /* THDReminder.m */; };
		6A915D9E1AB2305600A1BEEC /* THDOptionsController.m in Sources */ = {isa = PBXBuildFile; fileRef = 6A915D9D1AB2305600A1BEEC /* THDOptionsController.m */; };
		6A915DA11AB2306900A1BEEC /* THDReminderDetailsController.m in Sources */ = {isa = PBXBuildFile; fileRef = 6A915DA01AB2306900A1BEEC /* THDReminderDetailsController.m */; };
		6A915DA41AB2307600A1BEEC /* THDReminderEditController.m in Sources */ = {isa = PBXBuildFile; fileRef = 6A915DA31AB2307600A1BEEC /* THDReminderEditController.m */; };
		6A915DB01AB2340B00A1BEEC /* THDReminderListController.m in Sources */ = {isa = PBXBuildFile; fileRef = 6A915DAF1AB2340B00A1BEEC /* THDReminderListController.m */; };
		6AAD2C781AC31D8100CE5017 /* THDOptions.m in Sources */ = {isa = PBXBuildFile; fileRef = 6AAD2C771AC31D8100CE5017 /* THDOptions.m */; };
		6AE3E1F41AAF6429007C9CD2 /* Foundation.framework in Frameworks */ = {isa = PBXBuildFile; fileRef = 6AE3E1F31AAF6429007C9CD2 /* Foundation.framework */; };
		6AE3E1F61AAF6429007C9CD2 /* CoreGraphics.framework in Frameworks */ = {isa = PBXBuildFile; fileRef = 6AE3E1F51AAF6429007C9CD2 /* CoreGraphics.framework */; };
		6AE3E1F81AAF6429007C9CD2 /* UIKit.framework in Frameworks */ = {isa = PBXBuildFile; fileRef = 6AE3E1F71AAF6429007C9CD2 /* UIKit.framework */; };
		6AE3E1FE1AAF6429007C9CD2 /* InfoPlist.strings in Resources */ = {isa = PBXBuildFile; fileRef = 6AE3E1FC1AAF6429007C9CD2 /* InfoPlist.strings */; };
		6AE3E2001AAF6429007C9CD2 /* main.m in Sources */ = {isa = PBXBuildFile; fileRef = 6AE3E1FF1AAF6429007C9CD2 /* main.m */; };
		6AE3E2041AAF6429007C9CD2 /* CSAppDelegate.m in Sources */ = {isa = PBXBuildFile; fileRef = 6AE3E2031AAF6429007C9CD2 /* CSAppDelegate.m */; };
		6AE3E2061AAF6429007C9CD2 /* Images.xcassets in Resources */ = {isa = PBXBuildFile; fileRef = 6AE3E2051AAF6429007C9CD2 /* Images.xcassets */; };
		6AE3E20D1AAF6429007C9CD2 /* XCTest.framework in Frameworks */ = {isa = PBXBuildFile; fileRef = 6AE3E20C1AAF6429007C9CD2 /* XCTest.framework */; };
		6AE3E20E1AAF6429007C9CD2 /* Foundation.framework in Frameworks */ = {isa = PBXBuildFile; fileRef = 6AE3E1F31AAF6429007C9CD2 /* Foundation.framework */; };
		6AE3E20F1AAF6429007C9CD2 /* UIKit.framework in Frameworks */ = {isa = PBXBuildFile; fileRef = 6AE3E1F71AAF6429007C9CD2 /* UIKit.framework */; };
		6AE3E2171AAF6429007C9CD2 /* InfoPlist.strings in Resources */ = {isa = PBXBuildFile; fileRef = 6AE3E2151AAF6429007C9CD2 /* InfoPlist.strings */; };
		6AE3E2191AAF6429007C9CD2 /* EnhancedRemindersTests.m in Sources */ = {isa = PBXBuildFile; fileRef = 6AE3E2181AAF6429007C9CD2 /* EnhancedRemindersTests.m */; };
/* End PBXBuildFile section */

/* Begin PBXContainerItemProxy section */
		6AE3E2101AAF6429007C9CD2 /* PBXContainerItemProxy */ = {
			isa = PBXContainerItemProxy;
			containerPortal = 6AE3E1E81AAF6429007C9CD2 /* Project object */;
			proxyType = 1;
			remoteGlobalIDString = 6AE3E1EF1AAF6429007C9CD2;
			remoteInfo = EnhancedReminders;
		};
/* End PBXContainerItemProxy section */

/* Begin PBXFileReference section */
		6A8BE8AC1AC1F10600616CAD /* THDReminder.h */ = {isa = PBXFileReference; fileEncoding = 4; lastKnownFileType = sourcecode.c.h; path = THDReminder.h; sourceTree = "<group>"; };
		6A8BE8AD1AC1F10600616CAD /* THDReminder.m */ = {isa = PBXFileReference; fileEncoding = 4; lastKnownFileType = sourcecode.c.objc; path = THDReminder.m; sourceTree = "<group>"; };
		6A915D9C1AB2305600A1BEEC /* THDOptionsController.h */ = {isa = PBXFileReference; fileEncoding = 4; lastKnownFileType = sourcecode.c.h; path = THDOptionsController.h; sourceTree = "<group>"; };
		6A915D9D1AB2305600A1BEEC /* THDOptionsController.m */ = {isa = PBXFileReference; fileEncoding = 4; lastKnownFileType = sourcecode.c.objc; path = THDOptionsController.m; sourceTree = "<group>"; };
		6A915D9F1AB2306900A1BEEC /* THDReminderDetailsController.h */ = {isa = PBXFileReference; fileEncoding = 4; lastKnownFileType = sourcecode.c.h; path = THDReminderDetailsController.h; sourceTree = "<group>"; };
		6A915DA01AB2306900A1BEEC /* THDReminderDetailsController.m */ = {isa = PBXFileReference; fileEncoding = 4; lastKnownFileType = sourcecode.c.objc; path = THDReminderDetailsController.m; sourceTree = "<group>"; };
		6A915DA21AB2307600A1BEEC /* THDReminderEditController.h */ = {isa = PBXFileReference; fileEncoding = 4; lastKnownFileType = sourcecode.c.h; path = THDReminderEditController.h; sourceTree = "<group>"; };
		6A915DA31AB2307600A1BEEC /* THDReminderEditController.m */ = {isa = PBXFileReference; fileEncoding = 4; lastKnownFileType = sourcecode.c.objc; path = THDReminderEditController.m; sourceTree = "<group>"; };
		6A915DAE1AB2340B00A1BEEC /* THDReminderListController.h */ = {isa = PBXFileReference; fileEncoding = 4; lastKnownFileType = sourcecode.c.h; path = THDReminderListController.h; sourceTree = "<group>"; };
		6A915DAF1AB2340B00A1BEEC /* THDReminderListController.m */ = {isa = PBXFileReference; fileEncoding = 4; lastKnownFileType = sourcecode.c.objc; path = THDReminderListController.m; sourceTree = "<group>"; };
		6AAD2C761AC31D8100CE5017 /* THDOptions.h */ = {isa = PBXFileReference; fileEncoding = 4; lastKnownFileType = sourcecode.c.h; path = THDOptions.h; sourceTree = "<group>"; };
		6AAD2C771AC31D8100CE5017 /* THDOptions.m */ = {isa = PBXFileReference; fileEncoding = 4; lastKnownFileType = sourcecode.c.objc; path = THDOptions.m; sourceTree = "<group>"; };
		6AE3E1F01AAF6429007C9CD2 /* EnhancedReminders.app */ = {isa = PBXFileReference; explicitFileType = wrapper.application; includeInIndex = 0; path = EnhancedReminders.app; sourceTree = BUILT_PRODUCTS_DIR; };
		6AE3E1F31AAF6429007C9CD2 /* Foundation.framework */ = {isa = PBXFileReference; lastKnownFileType = wrapper.framework; name = Foundation.framework; path = System/Library/Frameworks/Foundation.framework; sourceTree = SDKROOT; };
		6AE3E1F51AAF6429007C9CD2 /* CoreGraphics.framework */ = {isa = PBXFileReference; lastKnownFileType = wrapper.framework; name = CoreGraphics.framework; path = System/Library/Frameworks/CoreGraphics.framework; sourceTree = SDKROOT; };
		6AE3E1F71AAF6429007C9CD2 /* UIKit.framework */ = {isa = PBXFileReference; lastKnownFileType = wrapper.framework; name = UIKit.framework; path = System/Library/Frameworks/UIKit.framework; sourceTree = SDKROOT; };
		6AE3E1FB1AAF6429007C9CD2 /* EnhancedReminders-Info.plist */ = {isa = PBXFileReference; lastKnownFileType = text.plist.xml; path = "EnhancedReminders-Info.plist"; sourceTree = "<group>"; };
		6AE3E1FD1AAF6429007C9CD2 /* en */ = {isa = PBXFileReference; lastKnownFileType = text.plist.strings; name = en; path = en.lproj/InfoPlist.strings; sourceTree = "<group>"; };
		6AE3E1FF1AAF6429007C9CD2 /* main.m */ = {isa = PBXFileReference; lastKnownFileType = sourcecode.c.objc; path = main.m; sourceTree = "<group>"; };
		6AE3E2011AAF6429007C9CD2 /* EnhancedReminders-Prefix.pch */ = {isa = PBXFileReference; lastKnownFileType = sourcecode.c.h; path = "EnhancedReminders-Prefix.pch"; sourceTree = "<group>"; };
		6AE3E2021AAF6429007C9CD2 /* CSAppDelegate.h */ = {isa = PBXFileReference; lastKnownFileType = sourcecode.c.h; path = CSAppDelegate.h; sourceTree = "<group>"; };
		6AE3E2031AAF6429007C9CD2 /* CSAppDelegate.m */ = {isa = PBXFileReference; lastKnownFileType = sourcecode.c.objc; path = CSAppDelegate.m; sourceTree = "<group>"; };
		6AE3E2051AAF6429007C9CD2 /* Images.xcassets */ = {isa = PBXFileReference; lastKnownFileType = folder.assetcatalog; path = Images.xcassets; sourceTree = "<group>"; };
		6AE3E20B1AAF6429007C9CD2 /* EnhancedRemindersTests.xctest */ = {isa = PBXFileReference; explicitFileType = wrapper.cfbundle; includeInIndex = 0; path = EnhancedRemindersTests.xctest; sourceTree = BUILT_PRODUCTS_DIR; };
		6AE3E20C1AAF6429007C9CD2 /* XCTest.framework */ = {isa = PBXFileReference; lastKnownFileType = wrapper.framework; name = XCTest.framework; path = Library/Frameworks/XCTest.framework; sourceTree = DEVELOPER_DIR; };
		6AE3E2141AAF6429007C9CD2 /* EnhancedRemindersTests-Info.plist */ = {isa = PBXFileReference; lastKnownFileType = text.plist.xml; path = "EnhancedRemindersTests-Info.plist"; sourceTree = "<group>"; };
		6AE3E2161AAF6429007C9CD2 /* en */ = {isa = PBXFileReference; lastKnownFileType = text.plist.strings; name = en; path = en.lproj/InfoPlist.strings; sourceTree = "<group>"; };
		6AE3E2181AAF6429007C9CD2 /* EnhancedRemindersTests.m */ = {isa = PBXFileReference; lastKnownFileType = sourcecode.c.objc; path = EnhancedRemindersTests.m; sourceTree = "<group>"; };
/* End PBXFileReference section */

/* Begin PBXFrameworksBuildPhase section */
		6AE3E1ED1AAF6429007C9CD2 /* Frameworks */ = {
			isa = PBXFrameworksBuildPhase;
			buildActionMask = 2147483647;
			files = (
				6AE3E1F61AAF6429007C9CD2 /* CoreGraphics.framework in Frameworks */,
				6AE3E1F81AAF6429007C9CD2 /* UIKit.framework in Frameworks */,
				6AE3E1F41AAF6429007C9CD2 /* Foundation.framework in Frameworks */,
			);
			runOnlyForDeploymentPostprocessing = 0;
		};
		6AE3E2081AAF6429007C9CD2 /* Frameworks */ = {
			isa = PBXFrameworksBuildPhase;
			buildActionMask = 2147483647;
			files = (
				6AE3E20D1AAF6429007C9CD2 /* XCTest.framework in Frameworks */,
				6AE3E20F1AAF6429007C9CD2 /* UIKit.framework in Frameworks */,
				6AE3E20E1AAF6429007C9CD2 /* Foundation.framework in Frameworks */,
			);
			runOnlyForDeploymentPostprocessing = 0;
		};
/* End PBXFrameworksBuildPhase section */

/* Begin PBXGroup section */
		6AE3E1E71AAF6429007C9CD2 = {
			isa = PBXGroup;
			children = (
				6AE3E1F91AAF6429007C9CD2 /* EnhancedReminders */,
				6AE3E2121AAF6429007C9CD2 /* EnhancedRemindersTests */,
				6AE3E1F21AAF6429007C9CD2 /* Frameworks */,
				6AE3E1F11AAF6429007C9CD2 /* Products */,
			);
			sourceTree = "<group>";
		};
		6AE3E1F11AAF6429007C9CD2 /* Products */ = {
			isa = PBXGroup;
			children = (
				6AE3E1F01AAF6429007C9CD2 /* EnhancedReminders.app */,
				6AE3E20B1AAF6429007C9CD2 /* EnhancedRemindersTests.xctest */,
			);
			name = Products;
			sourceTree = "<group>";
		};
		6AE3E1F21AAF6429007C9CD2 /* Frameworks */ = {
			isa = PBXGroup;
			children = (
				6AE3E1F31AAF6429007C9CD2 /* Foundation.framework */,
				6AE3E1F51AAF6429007C9CD2 /* CoreGraphics.framework */,
				6AE3E1F71AAF6429007C9CD2 /* UIKit.framework */,
				6AE3E20C1AAF6429007C9CD2 /* XCTest.framework */,
			);
			name = Frameworks;
			sourceTree = "<group>";
		};
		6AE3E1F91AAF6429007C9CD2 /* EnhancedReminders */ = {
			isa = PBXGroup;
			children = (
				6AE3E2021AAF6429007C9CD2 /* CSAppDelegate.h */,
				6AE3E2031AAF6429007C9CD2 /* CSAppDelegate.m */,
				6AAD2C761AC31D8100CE5017 /* THDOptions.h */,
				6AAD2C771AC31D8100CE5017 /* THDOptions.m */,
				6A8BE8AC1AC1F10600616CAD /* THDReminder.h */,
				6A8BE8AD1AC1F10600616CAD /* THDReminder.m */,
				6A915D9C1AB2305600A1BEEC /* THDOptionsController.h */,
				6A915D9D1AB2305600A1BEEC /* THDOptionsController.m */,
				6A915D9F1AB2306900A1BEEC /* THDReminderDetailsController.h */,
				6A915DA01AB2306900A1BEEC /* THDReminderDetailsController.m */,
				6A915DA21AB2307600A1BEEC /* THDReminderEditController.h */,
				6A915DA31AB2307600A1BEEC /* THDReminderEditController.m */,
				6A915DAE1AB2340B00A1BEEC /* THDReminderListController.h */,
				6A915DAF1AB2340B00A1BEEC /* THDReminderListController.m */,
				6AE3E2051AAF6429007C9CD2 /* Images.xcassets */,
				6AE3E1FA1AAF6429007C9CD2 /* Supporting Files */,
			);
			path = EnhancedReminders;
			sourceTree = "<group>";
		};
		6AE3E1FA1AAF6429007C9CD2 /* Supporting Files */ = {
			isa = PBXGroup;
			children = (
				6AE3E1FB1AAF6429007C9CD2 /* EnhancedReminders-Info.plist */,
				6AE3E1FC1AAF6429007C9CD2 /* InfoPlist.strings */,
				6AE3E1FF1AAF6429007C9CD2 /* main.m */,
				6AE3E2011AAF6429007C9CD2 /* EnhancedReminders-Prefix.pch */,
			);
			name = "Supporting Files";
			sourceTree = "<group>";
		};
		6AE3E2121AAF6429007C9CD2 /* EnhancedRemindersTests */ = {
			isa = PBXGroup;
			children = (
				6AE3E2181AAF6429007C9CD2 /* EnhancedRemindersTests.m */,
				6AE3E2131AAF6429007C9CD2 /* Supporting Files */,
			);
			path = EnhancedRemindersTests;
			sourceTree = "<group>";
		};
		6AE3E2131AAF6429007C9CD2 /* Supporting Files */ = {
			isa = PBXGroup;
			children = (
				6AE3E2141AAF6429007C9CD2 /* EnhancedRemindersTests-Info.plist */,
				6AE3E2151AAF6429007C9CD2 /* InfoPlist.strings */,
			);
			name = "Supporting Files";
			sourceTree = "<group>";
		};
/* End PBXGroup section */

/* Begin PBXNativeTarget section */
		6AE3E1EF1AAF6429007C9CD2 /* EnhancedReminders */ = {
			isa = PBXNativeTarget;
			buildConfigurationList = 6AE3E21C1AAF6429007C9CD2 /* Build configuration list for PBXNativeTarget "EnhancedReminders" */;
			buildPhases = (
				6AE3E1EC1AAF6429007C9CD2 /* Sources */,
				6AE3E1ED1AAF6429007C9CD2 /* Frameworks */,
				6AE3E1EE1AAF6429007C9CD2 /* Resources */,
			);
			buildRules = (
			);
			dependencies = (
			);
			name = EnhancedReminders;
			productName = EnhancedReminders;
			productReference = 6AE3E1F01AAF6429007C9CD2 /* EnhancedReminders.app */;
			productType = "com.apple.product-type.application";
		};
		6AE3E20A1AAF6429007C9CD2 /* EnhancedRemindersTests */ = {
			isa = PBXNativeTarget;
			buildConfigurationList = 6AE3E21F1AAF6429007C9CD2 /* Build configuration list for PBXNativeTarget "EnhancedRemindersTests" */;
			buildPhases = (
				6AE3E2071AAF6429007C9CD2 /* Sources */,
				6AE3E2081AAF6429007C9CD2 /* Frameworks */,
				6AE3E2091AAF6429007C9CD2 /* Resources */,
			);
			buildRules = (
			);
			dependencies = (
				6AE3E2111AAF6429007C9CD2 /* PBXTargetDependency */,
			);
			name = EnhancedRemindersTests;
			productName = EnhancedRemindersTests;
			productReference = 6AE3E20B1AAF6429007C9CD2 /* EnhancedRemindersTests.xctest */;
			productType = "com.apple.product-type.bundle.unit-test";
		};
/* End PBXNativeTarget section */

/* Begin PBXProject section */
		6AE3E1E81AAF6429007C9CD2 /* Project object */ = {
			isa = PBXProject;
			attributes = {
				CLASSPREFIX = CS;
				LastUpgradeCheck = 0510;
				ORGANIZATIONNAME = UPEICS;
				TargetAttributes = {
					6AE3E20A1AAF6429007C9CD2 = {
						TestTargetID = 6AE3E1EF1AAF6429007C9CD2;
					};
				};
			};
			buildConfigurationList = 6AE3E1EB1AAF6429007C9CD2 /* Build configuration list for PBXProject "EnhancedReminders" */;
			compatibilityVersion = "Xcode 3.2";
			developmentRegion = English;
			hasScannedForEncodings = 0;
			knownRegions = (
				en,
			);
			mainGroup = 6AE3E1E71AAF6429007C9CD2;
			productRefGroup = 6AE3E1F11AAF6429007C9CD2 /* Products */;
			projectDirPath = "";
			projectRoot = "";
			targets = (
				6AE3E1EF1AAF6429007C9CD2 /* EnhancedReminders */,
				6AE3E20A1AAF6429007C9CD2 /* EnhancedRemindersTests */,
			);
		};
/* End PBXProject section */

/* Begin PBXResourcesBuildPhase section */
		6AE3E1EE1AAF6429007C9CD2 /* Resources */ = {
			isa = PBXResourcesBuildPhase;
			buildActionMask = 2147483647;
			files = (
				6AE3E1FE1AAF6429007C9CD2 /* InfoPlist.strings in Resources */,
				6AE3E2061AAF6429007C9CD2 /* Images.xcassets in Resources */,
			);
			runOnlyForDeploymentPostprocessing = 0;
		};
		6AE3E2091AAF6429007C9CD2 /* Resources */ = {
			isa = PBXResourcesBuildPhase;
			buildActionMask = 2147483647;
			files = (
				6AE3E2171AAF6429007C9CD2 /* InfoPlist.strings in Resources */,
			);
			runOnlyForDeploymentPostprocessing = 0;
		};
/* End PBXResourcesBuildPhase section */

/* Begin PBXSourcesBuildPhase section */
		6AE3E1EC1AAF6429007C9CD2 /* Sources */ = {
			isa = PBXSourcesBuildPhase;
			buildActionMask = 2147483647;
			files = (
				6A915DB01AB2340B00A1BEEC /* THDReminderListController.m in Sources */,
				6AE3E2041AAF6429007C9CD2 /* CSAppDelegate.m in Sources */,
				6A915DA11AB2306900A1BEEC /* THDReminderDetailsController.m in Sources */,
				6AAD2C781AC31D8100CE5017 /* THDOptions.m in Sources */,
				6A915D9E1AB2305600A1BEEC /* THDOptionsController.m in Sources */,
				6AE3E2001AAF6429007C9CD2 /* main.m in Sources */,
				6A8BE8AE1AC1F10600616CAD /* THDReminder.m in Sources */,
				6A915DA41AB2307600A1BEEC /* THDReminderEditController.m in Sources */,
			);
			runOnlyForDeploymentPostprocessing = 0;
		};
		6AE3E2071AAF6429007C9CD2 /* Sources */ = {
			isa = PBXSourcesBuildPhase;
			buildActionMask = 2147483647;
			files = (
				6AE3E2191AAF6429007C9CD2 /* EnhancedRemindersTests.m in Sources */,
			);
			runOnlyForDeploymentPostprocessing = 0;
		};
/* End PBXSourcesBuildPhase section */

/* Begin PBXTargetDependency section */
		6AE3E2111AAF6429007C9CD2 /* PBXTargetDependency */ = {
			isa = PBXTargetDependency;
			target = 6AE3E1EF1AAF6429007C9CD2 /* EnhancedReminders */;
			targetProxy = 6AE3E2101AAF6429007C9CD2 /* PBXContainerItemProxy */;
		};
/* End PBXTargetDependency section */

/* Begin PBXVariantGroup section */
		6AE3E1FC1AAF6429007C9CD2 /* InfoPlist.strings */ = {
			isa = PBXVariantGroup;
			children = (
				6AE3E1FD1AAF6429007C9CD2 /* en */,
			);
			name = InfoPlist.strings;
			sourceTree = "<group>";
		};
		6AE3E2151AAF6429007C9CD2 /* InfoPlist.strings */ = {
			isa = PBXVariantGroup;
			children = (
				6AE3E2161AAF6429007C9CD2 /* en */,
			);
			name = InfoPlist.strings;
			sourceTree = "<group>";
		};
/* End PBXVariantGroup section */

/* Begin XCBuildConfiguration section */
		6AE3E21A1AAF6429007C9CD2 /* Debug */ = {
			isa = XCBuildConfiguration;
			buildSettings = {
				ALWAYS_SEARCH_USER_PATHS = NO;
				CLANG_CXX_LANGUAGE_STANDARD = "gnu++0x";
				CLANG_CXX_LIBRARY = "libc++";
				CLANG_ENABLE_MODULES = YES;
				CLANG_ENABLE_OBJC_ARC = YES;
				CLANG_WARN_BOOL_CONVERSION = YES;
				CLANG_WARN_CONSTANT_CONVERSION = YES;
				CLANG_WARN_DIRECT_OBJC_ISA_USAGE = YES_ERROR;
				CLANG_WARN_EMPTY_BODY = YES;
				CLANG_WARN_ENUM_CONVERSION = YES;
				CLANG_WARN_INT_CONVERSION = YES;
				CLANG_WARN_OBJC_ROOT_CLASS = YES_ERROR;
				CLANG_WARN__DUPLICATE_METHOD_MATCH = YES;
				"CODE_SIGN_IDENTITY[sdk=iphoneos*]" = "iPhone Developer";
				COPY_PHASE_STRIP = NO;
				GCC_C_LANGUAGE_STANDARD = gnu99;
				GCC_DYNAMIC_NO_PIC = NO;
				GCC_OPTIMIZATION_LEVEL = 0;
				GCC_PREPROCESSOR_DEFINITIONS = (
					"DEBUG=1",
					"$(inherited)",
				);
				GCC_SYMBOLS_PRIVATE_EXTERN = NO;
				GCC_WARN_64_TO_32_BIT_CONVERSION = YES;
				GCC_WARN_ABOUT_RETURN_TYPE = YES_ERROR;
				GCC_WARN_UNDECLARED_SELECTOR = YES;
				GCC_WARN_UNINITIALIZED_AUTOS = YES_AGGRESSIVE;
				GCC_WARN_UNUSED_FUNCTION = YES;
				GCC_WARN_UNUSED_VARIABLE = YES;
				IPHONEOS_DEPLOYMENT_TARGET = 7.1;
				ONLY_ACTIVE_ARCH = YES;
				SDKROOT = iphoneos;
			};
			name = Debug;
		};
		6AE3E21B1AAF6429007C9CD2 /* Release */ = {
			isa = XCBuildConfiguration;
			buildSettings = {
				ALWAYS_SEARCH_USER_PATHS = NO;
				CLANG_CXX_LANGUAGE_STANDARD = "gnu++0x";
				CLANG_CXX_LIBRARY = "libc++";
				CLANG_ENABLE_MODULES = YES;
				CLANG_ENABLE_OBJC_ARC = YES;
				CLANG_WARN_BOOL_CONVERSION = YES;
				CLANG_WARN_CONSTANT_CONVERSION = YES;
				CLANG_WARN_DIRECT_OBJC_ISA_USAGE = YES_ERROR;
				CLANG_WARN_EMPTY_BODY = YES;
				CLANG_WARN_ENUM_CONVERSION = YES;
				CLANG_WARN_INT_CONVERSION = YES;
				CLANG_WARN_OBJC_ROOT_CLASS = YES_ERROR;
				CLANG_WARN__DUPLICATE_METHOD_MATCH = YES;
				"CODE_SIGN_IDENTITY[sdk=iphoneos*]" = "iPhone Developer";
				COPY_PHASE_STRIP = YES;
				ENABLE_NS_ASSERTIONS = NO;
				GCC_C_LANGUAGE_STANDARD = gnu99;
				GCC_WARN_64_TO_32_BIT_CONVERSION = YES;
				GCC_WARN_ABOUT_RETURN_TYPE = YES_ERROR;
				GCC_WARN_UNDECLARED_SELECTOR = YES;
				GCC_WARN_UNINITIALIZED_AUTOS = YES_AGGRESSIVE;
				GCC_WARN_UNUSED_FUNCTION = YES;
				GCC_WARN_UNUSED_VARIABLE = YES;
				IPHONEOS_DEPLOYMENT_TARGET = 7.1;
				SDKROOT = iphoneos;
				VALIDATE_PRODUCT = YES;
			};
			name = Release;
		};
		6AE3E21D1AAF6429007C9CD2 /* Debug */ = {
			isa = XCBuildConfiguration;
			buildSettings = {
				ASSETCATALOG_COMPILER_APPICON_NAME = AppIcon;
				ASSETCATALOG_COMPILER_LAUNCHIMAGE_NAME = LaunchImage;
				GCC_PRECOMPILE_PREFIX_HEADER = YES;
				GCC_PREFIX_HEADER = "EnhancedReminders/EnhancedReminders-Prefix.pch";
				INFOPLIST_FILE = "EnhancedReminders/EnhancedReminders-Info.plist";
				PRODUCT_NAME = "$(TARGET_NAME)";
				WRAPPER_EXTENSION = app;
			};
			name = Debug;
		};
		6AE3E21E1AAF6429007C9CD2 /* Release */ = {
			isa = XCBuildConfiguration;
			buildSettings = {
				ASSETCATALOG_COMPILER_APPICON_NAME = AppIcon;
				ASSETCATALOG_COMPILER_LAUNCHIMAGE_NAME = LaunchImage;
				GCC_PRECOMPILE_PREFIX_HEADER = YES;
				GCC_PREFIX_HEADER = "EnhancedReminders/EnhancedReminders-Prefix.pch";
				INFOPLIST_FILE = "EnhancedReminders/EnhancedReminders-Info.plist";
				PRODUCT_NAME = "$(TARGET_NAME)";
				WRAPPER_EXTENSION = app;
			};
			name = Release;
		};
		6AE3E2201AAF6429007C9CD2 /* Debug */ = {
			isa = XCBuildConfiguration;
			buildSettings = {
				BUNDLE_LOADER = "$(BUILT_PRODUCTS_DIR)/EnhancedReminders.app/EnhancedReminders";
				FRAMEWORK_SEARCH_PATHS = (
					"$(SDKROOT)/Developer/Library/Frameworks",
					"$(inherited)",
					"$(DEVELOPER_FRAMEWORKS_DIR)",
				);
				GCC_PRECOMPILE_PREFIX_HEADER = YES;
				GCC_PREFIX_HEADER = "EnhancedReminders/EnhancedReminders-Prefix.pch";
				GCC_PREPROCESSOR_DEFINITIONS = (
					"DEBUG=1",
					"$(inherited)",
				);
				INFOPLIST_FILE = "EnhancedRemindersTests/EnhancedRemindersTests-Info.plist";
				PRODUCT_NAME = "$(TARGET_NAME)";
				TEST_HOST = "$(BUNDLE_LOADER)";
				WRAPPER_EXTENSION = xctest;
			};
			name = Debug;
		};
		6AE3E2211AAF6429007C9CD2 /* Release */ = {
			isa = XCBuildConfiguration;
			buildSettings = {
				BUNDLE_LOADER = "$(BUILT_PRODUCTS_DIR)/EnhancedReminders.app/EnhancedReminders";
				FRAMEWORK_SEARCH_PATHS = (
					"$(SDKROOT)/Developer/Library/Frameworks",
					"$(inherited)",
					"$(DEVELOPER_FRAMEWORKS_DIR)",
				);
				GCC_PRECOMPILE_PREFIX_HEADER = YES;
				GCC_PREFIX_HEADER = "EnhancedReminders/EnhancedReminders-Prefix.pch";
				INFOPLIST_FILE = "EnhancedRemindersTests/EnhancedRemindersTests-Info.plist";
				PRODUCT_NAME = "$(TARGET_NAME)";
				TEST_HOST = "$(BUNDLE_LOADER)";
				WRAPPER_EXTENSION = xctest;
			};
			name = Release;
		};
/* End XCBuildConfiguration section */

/* Begin XCConfigurationList section */
		6AE3E1EB1AAF6429007C9CD2 /* Build configuration list for PBXProject "EnhancedReminders" */ = {
			isa = XCConfigurationList;
			buildConfigurations = (
				6AE3E21A1AAF6429007C9CD2 /* Debug */,
				6AE3E21B1AAF6429007C9CD2 /* Release */,
			);
			defaultConfigurationIsVisible = 0;
			defaultConfigurationName = Release;
		};
		6AE3E21C1AAF6429007C9CD2 /* Build configuration list for PBXNativeTarget "EnhancedReminders" */ = {
			isa = XCConfigurationList;
			buildConfigurations = (
				6AE3E21D1AAF6429007C9CD2 /* Debug */,
				6AE3E21E1AAF6429007C9CD2 /* Release */,
			);
			defaultConfigurationIsVisible = 0;
			defaultConfigurationName = Release;
		};
		6AE3E21F1AAF6429007C9CD2 /* Build configuration list for PBXNativeTarget "EnhancedRemindersTests" */ = {
			isa = XCConfigurationList;
			buildConfigurations = (
				6AE3E2201AAF6429007C9CD2 /* Debug */,
				6AE3E2211AAF6429007C9CD2 /* Release */,
			);
			defaultConfigurationIsVisible = 0;
			defaultConfigurationName = Release;
		};
/* End XCConfigurationList section */
	};
	rootObject = 6AE3E1E81AAF6429007C9CD2 /* Project object */;
}
